
Microsoft Visual Studio Solution File, Format Version 12.00
# Visual Studio Version 16
VisualStudioVersion = 16.0.29911.84
MinimumVisualStudioVersion = 10.0.40219.1
Project("{FAE04EC0-301F-11D3-BF4B-00C04F79EFBC}") = "Bio", "Bio\Bio.csproj", "{ABE1ABD2-79A5-477D-8E5E-7BF48B4E6E08}"
EndProject
Project("{FAE04EC0-301F-11D3-BF4B-00C04F79EFBC}") = "Project2", "Project2\Project2.csproj", "{B5D7B21D-D577-406E-918A-A26EE7B41624}"
EndProject
Global
	GlobalSection(SolutionConfigurationPlatforms) = preSolution
		Debug|Any CPU = Debug|Any CPU
		Release|Any CPU = Release|Any CPU
	EndGlobalSection
	GlobalSection(ProjectConfigurationPlatforms) = postSolution
		{ABE1ABD2-79A5-477D-8E5E-7BF48B4E6E08}.Debug|Any CPU.ActiveCfg = Debug|Any CPU
		{ABE1ABD2-79A5-477D-8E5E-7BF48B4E6E08}.Debug|Any CPU.Build.0 = Debug|Any CPU
		{ABE1ABD2-79A5-477D-8E5E-7BF48B4E6E08}.Release|Any CPU.ActiveCfg = Release|Any CPU
		{ABE1ABD2-79A5-477D-8E5E-7BF48B4E6E08}.Release|Any CPU.Build.0 = Release|Any CPU
		{B5D7B21D-D577-406E-918A-A26EE7B41624}.Debug|Any CPU.ActiveCfg = Debug|Any CPU
		{B5D7B21D-D577-406E-918A-A26EE7B41624}.Debug|Any CPU.Build.0 = Debug|Any CPU
		{B5D7B21D-D577-406E-918A-A26EE7B41624}.Release|Any CPU.ActiveCfg = Release|Any CPU
		{B5D7B21D-D577-406E-918A-A26EE7B41624}.Release|Any CPU.Build.0 = Release|Any CPU
	EndGlobalSection
	GlobalSection(SolutionProperties) = preSolution
		HideSolutionNode = FALSE
	EndGlobalSection
	GlobalSection(ExtensibilityGlobals) = postSolution
		SolutionGuid = {E76815D3-A024-4B6D-B0D8-6D85238DDE9E}
	EndGlobalSection
EndGlobal
